// !$*UTF8*$!
{
	archiveVersion = 1;
	classes = {
	};
	objectVersion = 77;
	objects = {

/* Begin PBXContainerItemProxy section */
		4877A52C2CB71B7300EE8329 /* PBXContainerItemProxy */ = {
			isa = PBXContainerItemProxy;
			containerPortal = 4877A5132CB71B7200EE8329 /* Project object */;
			proxyType = 1;
			remoteGlobalIDString = 4877A51A2CB71B7200EE8329;
			remoteInfo = AssignmentUmain;
		};
		4877A5362CB71B7300EE8329 /* PBXContainerItemProxy */ = {
			isa = PBXContainerItemProxy;
			containerPortal = 4877A5132CB71B7200EE8329 /* Project object */;
			proxyType = 1;
			remoteGlobalIDString = 4877A51A2CB71B7200EE8329;
			remoteInfo = AssignmentUmain;
		};
/* End PBXContainerItemProxy section */

/* Begin PBXFileReference section */
		4877A51B2CB71B7200EE8329 /* AssignmentUmain.app */ = {isa = PBXFileReference; explicitFileType = wrapper.application; includeInIndex = 0; path = AssignmentUmain.app; sourceTree = BUILT_PRODUCTS_DIR; };
		4877A52B2CB71B7300EE8329 /* AssignmentUmainTests.xctest */ = {isa = PBXFileReference; explicitFileType = wrapper.cfbundle; includeInIndex = 0; path = AssignmentUmainTests.xctest; sourceTree = BUILT_PRODUCTS_DIR; };
		4877A5352CB71B7300EE8329 /* AssignmentUmainUITests.xctest */ = {isa = PBXFileReference; explicitFileType = wrapper.cfbundle; includeInIndex = 0; path = AssignmentUmainUITests.xctest; sourceTree = BUILT_PRODUCTS_DIR; };
/* End PBXFileReference section */

/* Begin PBXFileSystemSynchronizedRootGroup section */
		4877A51D2CB71B7200EE8329 /* AssignmentUmain */ = {
			isa = PBXFileSystemSynchronizedRootGroup;
			path = AssignmentUmain;
			sourceTree = "<group>";
		};
		4877A52E2CB71B7300EE8329 /* AssignmentUmainTests */ = {
			isa = PBXFileSystemSynchronizedRootGroup;
			path = AssignmentUmainTests;
			sourceTree = "<group>";
		};
		4877A5382CB71B7300EE8329 /* AssignmentUmainUITests */ = {
			isa = PBXFileSystemSynchronizedRootGroup;
			path = AssignmentUmainUITests;
			sourceTree = "<group>";
		};
/* End PBXFileSystemSynchronizedRootGroup section */

/* Begin PBXFrameworksBuildPhase section */
		4877A5182CB71B7200EE8329 /* Frameworks */ = {
			isa = PBXFrameworksBuildPhase;
			buildActionMask = 2147483647;
			files = (
			);
			runOnlyForDeploymentPostprocessing = 0;
		};
		4877A5282CB71B7300EE8329 /* Frameworks */ = {
			isa = PBXFrameworksBuildPhase;
			buildActionMask = 2147483647;
			files = (
			);
			runOnlyForDeploymentPostprocessing = 0;
		};
		4877A5322CB71B7300EE8329 /* Frameworks */ = {
			isa = PBXFrameworksBuildPhase;
			buildActionMask = 2147483647;
			files = (
			);
			runOnlyForDeploymentPostprocessing = 0;
		};
/* End PBXFrameworksBuildPhase section */

/* Begin PBXGroup section */
		4877A5122CB71B7200EE8329 = {
			isa = PBXGroup;
			children = (
				4877A51D2CB71B7200EE8329 /* AssignmentUmain */,
				4877A52E2CB71B7300EE8329 /* AssignmentUmainTests */,
				4877A5382CB71B7300EE8329 /* AssignmentUmainUITests */,
				4877A51C2CB71B7200EE8329 /* Products */,
			);
			sourceTree = "<group>";
		};
		4877A51C2CB71B7200EE8329 /* Products */ = {
			isa = PBXGroup;
			children = (
				4877A51B2CB71B7200EE8329 /* AssignmentUmain.app */,
				4877A52B2CB71B7300EE8329 /* AssignmentUmainTests.xctest */,
				4877A5352CB71B7300EE8329 /* AssignmentUmainUITests.xctest */,
			);
			name = Products;
			sourceTree = "<group>";
		};
/* End PBXGroup section */

/* Begin PBXNativeTarget section */
		4877A51A2CB71B7200EE8329 /* AssignmentUmain */ = {
			isa = PBXNativeTarget;
			buildConfigurationList = 4877A53F2CB71B7300EE8329 /* Build configuration list for PBXNativeTarget "AssignmentUmain" */;
			buildPhases = (
				4877A5172CB71B7200EE8329 /* Sources */,
				4877A5182CB71B7200EE8329 /* Frameworks */,
				4877A5192CB71B7200EE8329 /* Resources */,
			);
			buildRules = (
			);
			dependencies = (
			);
			fileSystemSynchronizedGroups = (
				4877A51D2CB71B7200EE8329 /* AssignmentUmain */,
			);
			name = AssignmentUmain;
			packageProductDependencies = (
			);
			productName = AssignmentUmain;
			productReference = 4877A51B2CB71B7200EE8329 /* AssignmentUmain.app */;
			productType = "com.apple.product-type.application";
		};
		4877A52A2CB71B7300EE8329 /* AssignmentUmainTests */ = {
			isa = PBXNativeTarget;
			buildConfigurationList = 4877A5422CB71B7300EE8329 /* Build configuration list for PBXNativeTarget "AssignmentUmainTests" */;
			buildPhases = (
				4877A5272CB71B7300EE8329 /* Sources */,
				4877A5282CB71B7300EE8329 /* Frameworks */,
				4877A5292CB71B7300EE8329 /* Resources */,
			);
			buildRules = (
			);
			dependencies = (
				4877A52D2CB71B7300EE8329 /* PBXTargetDependency */,
			);
			fileSystemSynchronizedGroups = (
				4877A52E2CB71B7300EE8329 /* AssignmentUmainTests */,
			);
			name = AssignmentUmainTests;
			packageProductDependencies = (
			);
			productName = AssignmentUmainTests;
			productReference = 4877A52B2CB71B7300EE8329 /* AssignmentUmainTests.xctest */;
			productType = "com.apple.product-type.bundle.unit-test";
		};
		4877A5342CB71B7300EE8329 /* AssignmentUmainUITests */ = {
			isa = PBXNativeTarget;
			buildConfigurationList = 4877A5452CB71B7300EE8329 /* Build configuration list for PBXNativeTarget "AssignmentUmainUITests" */;
			buildPhases = (
				4877A5312CB71B7300EE8329 /* Sources */,
				4877A5322CB71B7300EE8329 /* Frameworks */,
				4877A5332CB71B7300EE8329 /* Resources */,
			);
			buildRules = (
			);
			dependencies = (
				4877A5372CB71B7300EE8329 /* PBXTargetDependency */,
			);
			fileSystemSynchronizedGroups = (
				4877A5382CB71B7300EE8329 /* AssignmentUmainUITests */,
			);
			name = AssignmentUmainUITests;
			packageProductDependencies = (
			);
			productName = AssignmentUmainUITests;
			productReference = 4877A5352CB71B7300EE8329 /* AssignmentUmainUITests.xctest */;
			productType = "com.apple.product-type.bundle.ui-testing";
		};
/* End PBXNativeTarget section */

/* Begin PBXProject section */
		4877A5132CB71B7200EE8329 /* Project object */ = {
			isa = PBXProject;
			attributes = {
				BuildIndependentTargetsInParallel = 1;
				LastSwiftUpdateCheck = 1600;
				LastUpgradeCheck = 1600;
				TargetAttributes = {
					4877A51A2CB71B7200EE8329 = {
						CreatedOnToolsVersion = 16.0;
					};
					4877A52A2CB71B7300EE8329 = {
						CreatedOnToolsVersion = 16.0;
						TestTargetID = 4877A51A2CB71B7200EE8329;
					};
					4877A5342CB71B7300EE8329 = {
						CreatedOnToolsVersion = 16.0;
						TestTargetID = 4877A51A2CB71B7200EE8329;
					};
				};
			};
			buildConfigurationList = 4877A5162CB71B7200EE8329 /* Build configuration list for PBXProject "AssignmentUmain" */;
			developmentRegion = en;
			hasScannedForEncodings = 0;
			knownRegions = (
				en,
				Base,
			);
			mainGroup = 4877A5122CB71B7200EE8329;
			minimizedProjectReferenceProxies = 1;
			preferredProjectObjectVersion = 77;
			productRefGroup = 4877A51C2CB71B7200EE8329 /* Products */;
			projectDirPath = "";
			projectRoot = "";
			targets = (
				4877A51A2CB71B7200EE8329 /* AssignmentUmain */,
				4877A52A2CB71B7300EE8329 /* AssignmentUmainTests */,
				4877A5342CB71B7300EE8329 /* AssignmentUmainUITests */,
			);
		};
/* End PBXProject section */

/* Begin PBXResourcesBuildPhase section */
		4877A5192CB71B7200EE8329 /* Resources */ = {
			isa = PBXResourcesBuildPhase;
			buildActionMask = 2147483647;
			files = (
			);
			runOnlyForDeploymentPostprocessing = 0;
		};
		4877A5292CB71B7300EE8329 /* Resources */ = {
			isa = PBXResourcesBuildPhase;
			buildActionMask = 2147483647;
			files = (
			);
			runOnlyForDeploymentPostprocessing = 0;
		};
		4877A5332CB71B7300EE8329 /* Resources */ = {
			isa = PBXResourcesBuildPhase;
			buildActionMask = 2147483647;
			files = (
			);
			runOnlyForDeploymentPostprocessing = 0;
		};
/* End PBXResourcesBuildPhase section */

/* Begin PBXSourcesBuildPhase section */
		4877A5172CB71B7200EE8329 /* Sources */ = {
			isa = PBXSourcesBuildPhase;
			buildActionMask = 2147483647;
			files = (
			);
			runOnlyForDeploymentPostprocessing = 0;
		};
		4877A5272CB71B7300EE8329 /* Sources */ = {
			isa = PBXSourcesBuildPhase;
			buildActionMask = 2147483647;
			files = (
			);
			runOnlyForDeploymentPostprocessing = 0;
		};
		4877A5312CB71B7300EE8329 /* Sources */ = {
			isa = PBXSourcesBuildPhase;
			buildActionMask = 2147483647;
			files = (
			);
			runOnlyForDeploymentPostprocessing = 0;
		};
/* End PBXSourcesBuildPhase section */

/* Begin PBXTargetDependency section */
		4877A52D2CB71B7300EE8329 /* PBXTargetDependency */ = {
			isa = PBXTargetDependency;
			target = 4877A51A2CB71B7200EE8329 /* AssignmentUmain */;
			targetProxy = 4877A52C2CB71B7300EE8329 /* PBXContainerItemProxy */;
		};
		4877A5372CB71B7300EE8329 /* PBXTargetDependency */ = {
			isa = PBXTargetDependency;
			target = 4877A51A2CB71B7200EE8329 /* AssignmentUmain */;
			targetProxy = 4877A5362CB71B7300EE8329 /* PBXContainerItemProxy */;
		};
/* End PBXTargetDependency section */

/* Begin XCBuildConfiguration section */
		4877A53D2CB71B7300EE8329 /* Debug */ = {
			isa = XCBuildConfiguration;
			buildSettings = {
				ALWAYS_SEARCH_USER_PATHS = NO;
				ASSETCATALOG_COMPILER_GENERATE_SWIFT_ASSET_SYMBOL_EXTENSIONS = YES;
				CLANG_ANALYZER_NONNULL = YES;
				CLANG_ANALYZER_NUMBER_OBJECT_CONVERSION = YES_AGGRESSIVE;
				CLANG_CXX_LANGUAGE_STANDARD = "gnu++20";
				CLANG_ENABLE_MODULES = YES;
				CLANG_ENABLE_OBJC_ARC = YES;
				CLANG_ENABLE_OBJC_WEAK = YES;
				CLANG_WARN_BLOCK_CAPTURE_AUTORELEASING = YES;
				CLANG_WARN_BOOL_CONVERSION = YES;
				CLANG_WARN_COMMA = YES;
				CLANG_WARN_CONSTANT_CONVERSION = YES;
				CLANG_WARN_DEPRECATED_OBJC_IMPLEMENTATIONS = YES;
				CLANG_WARN_DIRECT_OBJC_ISA_USAGE = YES_ERROR;
				CLANG_WARN_DOCUMENTATION_COMMENTS = YES;
				CLANG_WARN_EMPTY_BODY = YES;
				CLANG_WARN_ENUM_CONVERSION = YES;
				CLANG_WARN_INFINITE_RECURSION = YES;
				CLANG_WARN_INT_CONVERSION = YES;
				CLANG_WARN_NON_LITERAL_NULL_CONVERSION = YES;
				CLANG_WARN_OBJC_IMPLICIT_RETAIN_SELF = YES;
				CLANG_WARN_OBJC_LITERAL_CONVERSION = YES;
				CLANG_WARN_OBJC_ROOT_CLASS = YES_ERROR;
				CLANG_WARN_QUOTED_INCLUDE_IN_FRAMEWORK_HEADER = YES;
				CLANG_WARN_RANGE_LOOP_ANALYSIS = YES;
				CLANG_WARN_STRICT_PROTOTYPES = YES;
				CLANG_WARN_SUSPICIOUS_MOVE = YES;
				CLANG_WARN_UNGUARDED_AVAILABILITY = YES_AGGRESSIVE;
				CLANG_WARN_UNREACHABLE_CODE = YES;
				CLANG_WARN__DUPLICATE_METHOD_MATCH = YES;
				COPY_PHASE_STRIP = NO;
				DEBUG_INFORMATION_FORMAT = dwarf;
				ENABLE_STRICT_OBJC_MSGSEND = YES;
				ENABLE_TESTABILITY = YES;
				ENABLE_USER_SCRIPT_SANDBOXING = YES;
				GCC_C_LANGUAGE_STANDARD = gnu17;
				GCC_DYNAMIC_NO_PIC = NO;
				GCC_NO_COMMON_BLOCKS = YES;
				GCC_OPTIMIZATION_LEVEL = 0;
				GCC_PREPROCESSOR_DEFINITIONS = (
					"DEBUG=1",
					"$(inherited)",
				);
				GCC_WARN_64_TO_32_BIT_CONVERSION = YES;
				GCC_WARN_ABOUT_RETURN_TYPE = YES_ERROR;
				GCC_WARN_UNDECLARED_SELECTOR = YES;
				GCC_WARN_UNINITIALIZED_AUTOS = YES_AGGRESSIVE;
				GCC_WARN_UNUSED_FUNCTION = YES;
				GCC_WARN_UNUSED_VARIABLE = YES;
				IPHONEOS_DEPLOYMENT_TARGET = 18.0;
				LOCALIZATION_PREFERS_STRING_CATALOGS = YES;
				MTL_ENABLE_DEBUG_INFO = INCLUDE_SOURCE;
				MTL_FAST_MATH = YES;
				ONLY_ACTIVE_ARCH = YES;
				SDKROOT = iphoneos;
				SWIFT_ACTIVE_COMPILATION_CONDITIONS = "DEBUG $(inherited)";
				SWIFT_OPTIMIZATION_LEVEL = "-Onone";
			};
			name = Debug;
		};
		4877A53E2CB71B7300EE8329 /* Release */ = {
			isa = XCBuildConfiguration;
			buildSettings = {
				ALWAYS_SEARCH_USER_PATHS = NO;
				ASSETCATALOG_COMPILER_GENERATE_SWIFT_ASSET_SYMBOL_EXTENSIONS = YES;
				CLANG_ANALYZER_NONNULL = YES;
				CLANG_ANALYZER_NUMBER_OBJECT_CONVERSION = YES_AGGRESSIVE;
				CLANG_CXX_LANGUAGE_STANDARD = "gnu++20";
				CLANG_ENABLE_MODULES = YES;
				CLANG_ENABLE_OBJC_ARC = YES;
				CLANG_ENABLE_OBJC_WEAK = YES;
				CLANG_WARN_BLOCK_CAPTURE_AUTORELEASING = YES;
				CLANG_WARN_BOOL_CONVERSION = YES;
				CLANG_WARN_COMMA = YES;
				CLANG_WARN_CONSTANT_CONVERSION = YES;
				CLANG_WARN_DEPRECATED_OBJC_IMPLEMENTATIONS = YES;
				CLANG_WARN_DIRECT_OBJC_ISA_USAGE = YES_ERROR;
				CLANG_WARN_DOCUMENTATION_COMMENTS = YES;
				CLANG_WARN_EMPTY_BODY = YES;
				CLANG_WARN_ENUM_CONVERSION = YES;
				CLANG_WARN_INFINITE_RECURSION = YES;
				CLANG_WARN_INT_CONVERSION = YES;
				CLANG_WARN_NON_LITERAL_NULL_CONVERSION = YES;
				CLANG_WARN_OBJC_IMPLICIT_RETAIN_SELF = YES;
				CLANG_WARN_OBJC_LITERAL_CONVERSION = YES;
				CLANG_WARN_OBJC_ROOT_CLASS = YES_ERROR;
				CLANG_WARN_QUOTED_INCLUDE_IN_FRAMEWORK_HEADER = YES;
				CLANG_WARN_RANGE_LOOP_ANALYSIS = YES;
				CLANG_WARN_STRICT_PROTOTYPES = YES;
				CLANG_WARN_SUSPICIOUS_MOVE = YES;
				CLANG_WARN_UNGUARDED_AVAILABILITY = YES_AGGRESSIVE;
				CLANG_WARN_UNREACHABLE_CODE = YES;
				CLANG_WARN__DUPLICATE_METHOD_MATCH = YES;
				COPY_PHASE_STRIP = NO;
				DEBUG_INFORMATION_FORMAT = "dwarf-with-dsym";
				ENABLE_NS_ASSERTIONS = NO;
				ENABLE_STRICT_OBJC_MSGSEND = YES;
				ENABLE_USER_SCRIPT_SANDBOXING = YES;
				GCC_C_LANGUAGE_STANDARD = gnu17;
				GCC_NO_COMMON_BLOCKS = YES;
				GCC_WARN_64_TO_32_BIT_CONVERSION = YES;
				GCC_WARN_ABOUT_RETURN_TYPE = YES_ERROR;
				GCC_WARN_UNDECLARED_SELECTOR = YES;
				GCC_WARN_UNINITIALIZED_AUTOS = YES_AGGRESSIVE;
				GCC_WARN_UNUSED_FUNCTION = YES;
				GCC_WARN_UNUSED_VARIABLE = YES;
				IPHONEOS_DEPLOYMENT_TARGET = 18.0;
				LOCALIZATION_PREFERS_STRING_CATALOGS = YES;
				MTL_ENABLE_DEBUG_INFO = NO;
				MTL_FAST_MATH = YES;
				SDKROOT = iphoneos;
				SWIFT_COMPILATION_MODE = wholemodule;
				VALIDATE_PRODUCT = YES;
			};
			name = Release;
		};
		4877A5402CB71B7300EE8329 /* Debug */ = {
			isa = XCBuildConfiguration;
			buildSettings = {
				ASSETCATALOG_COMPILER_APPICON_NAME = AppIcon;
				ASSETCATALOG_COMPILER_GLOBAL_ACCENT_COLOR_NAME = AccentColor;
				CODE_SIGN_STYLE = Automatic;
				CURRENT_PROJECT_VERSION = 1;
				DEVELOPMENT_ASSET_PATHS = "\"AssignmentUmain/Preview Content\"";
				DEVELOPMENT_TEAM = UN6KB94738;
				ENABLE_PREVIEWS = YES;
				GENERATE_INFOPLIST_FILE = YES;
				INFOPLIST_KEY_UIApplicationSceneManifest_Generation = YES;
				INFOPLIST_KEY_UIApplicationSupportsIndirectInputEvents = YES;
				INFOPLIST_KEY_UILaunchScreen_Generation = YES;
				INFOPLIST_KEY_UISupportedInterfaceOrientations_iPad = "UIInterfaceOrientationPortrait UIInterfaceOrientationPortraitUpsideDown UIInterfaceOrientationLandscapeLeft UIInterfaceOrientationLandscapeRight";
				INFOPLIST_KEY_UISupportedInterfaceOrientations_iPhone = "UIInterfaceOrientationPortrait UIInterfaceOrientationLandscapeLeft UIInterfaceOrientationLandscapeRight";
				LD_RUNPATH_SEARCH_PATHS = (
					"$(inherited)",
					"@executable_path/Frameworks",
				);
				MARKETING_VERSION = 1.0;
				PRODUCT_BUNDLE_IDENTIFIER = com.onurkayhan.AssignmentUmain;
				PRODUCT_NAME = "$(TARGET_NAME)";
				SWIFT_EMIT_LOC_STRINGS = YES;
				SWIFT_VERSION = 5.0;
				TARGETED_DEVICE_FAMILY = "1,2";
			};
			name = Debug;
		};
		4877A5412CB71B7300EE8329 /* Release */ = {
			isa = XCBuildConfiguration;
			buildSettings = {
				ASSETCATALOG_COMPILER_APPICON_NAME = AppIcon;
				ASSETCATALOG_COMPILER_GLOBAL_ACCENT_COLOR_NAME = AccentColor;
				CODE_SIGN_STYLE = Automatic;
				CURRENT_PROJECT_VERSION = 1;
				DEVELOPMENT_ASSET_PATHS = "\"AssignmentUmain/Preview Content\"";
				DEVELOPMENT_TEAM = UN6KB94738;
				ENABLE_PREVIEWS = YES;
				GENERATE_INFOPLIST_FILE = YES;
				INFOPLIST_KEY_UIApplicationSceneManifest_Generation = YES;
				INFOPLIST_KEY_UIApplicationSupportsIndirectInputEvents = YES;
				INFOPLIST_KEY_UILaunchScreen_Generation = YES;
				INFOPLIST_KEY_UISupportedInterfaceOrientations_iPad = "UIInterfaceOrientationPortrait UIInterfaceOrientationPortraitUpsideDown UIInterfaceOrientationLandscapeLeft UIInterfaceOrientationLandscapeRight";
				INFOPLIST_KEY_UISupportedInterfaceOrientations_iPhone = "UIInterfaceOrientationPortrait UIInterfaceOrientationLandscapeLeft UIInterfaceOrientationLandscapeRight";
				LD_RUNPATH_SEARCH_PATHS = (
					"$(inherited)",
					"@executable_path/Frameworks",
				);
				MARKETING_VERSION = 1.0;
				PRODUCT_BUNDLE_IDENTIFIER = com.onurkayhan.AssignmentUmain;
				PRODUCT_NAME = "$(TARGET_NAME)";
				SWIFT_EMIT_LOC_STRINGS = YES;
				SWIFT_VERSION = 5.0;
				TARGETED_DEVICE_FAMILY = "1,2";
			};
			name = Release;
		};
		4877A5432CB71B7300EE8329 /* Debug */ = {
			isa = XCBuildConfiguration;
			buildSettings = {
				BUNDLE_LOADER = "$(TEST_HOST)";
				CODE_SIGN_STYLE = Automatic;
				CURRENT_PROJECT_VERSION = 1;
				DEVELOPMENT_TEAM = UN6KB94738;
				GENERATE_INFOPLIST_FILE = YES;
				IPHONEOS_DEPLOYMENT_TARGET = 18.0;
				MARKETING_VERSION = 1.0;
				PRODUCT_BUNDLE_IDENTIFIER = com.onurkayhan.AssignmentUmainTests;
				PRODUCT_NAME = "$(TARGET_NAME)";
				SWIFT_EMIT_LOC_STRINGS = NO;
				SWIFT_VERSION = 5.0;
				TARGETED_DEVICE_FAMILY = "1,2";
				TEST_HOST = "$(BUILT_PRODUCTS_DIR)/AssignmentUmain.app/$(BUNDLE_EXECUTABLE_FOLDER_PATH)/AssignmentUmain";
			};
			name = Debug;
		};
		4877A5442CB71B7300EE8329 /* Release */ = {
			isa = XCBuildConfiguration;
			buildSettings = {
				BUNDLE_LOADER = "$(TEST_HOST)";
				CODE_SIGN_STYLE = Automatic;
				CURRENT_PROJECT_VERSION = 1;
				DEVELOPMENT_TEAM = UN6KB94738;
				GENERATE_INFOPLIST_FILE = YES;
				IPHONEOS_DEPLOYMENT_TARGET = 18.0;
				MARKETING_VERSION = 1.0;
				PRODUCT_BUNDLE_IDENTIFIER = com.onurkayhan.AssignmentUmainTests;
				PRODUCT_NAME = "$(TARGET_NAME)";
				SWIFT_EMIT_LOC_STRINGS = NO;
				SWIFT_VERSION = 5.0;
				TARGETED_DEVICE_FAMILY = "1,2";
				TEST_HOST = "$(BUILT_PRODUCTS_DIR)/AssignmentUmain.app/$(BUNDLE_EXECUTABLE_FOLDER_PATH)/AssignmentUmain";
			};
			name = Release;
		};
		4877A5462CB71B7300EE8329 /* Debug */ = {
			isa = XCBuildConfiguration;
			buildSettings = {
				CODE_SIGN_STYLE = Automatic;
				CURRENT_PROJECT_VERSION = 1;
				DEVELOPMENT_TEAM = UN6KB94738;
				GENERATE_INFOPLIST_FILE = YES;
				MARKETING_VERSION = 1.0;
				PRODUCT_BUNDLE_IDENTIFIER = com.onurkayhan.AssignmentUmainUITests;
				PRODUCT_NAME = "$(TARGET_NAME)";
				SWIFT_EMIT_LOC_STRINGS = NO;
				SWIFT_VERSION = 5.0;
				TARGETED_DEVICE_FAMILY = "1,2";
				TEST_TARGET_NAME = AssignmentUmain;
			};
			name = Debug;
		};
		4877A5472CB71B7300EE8329 /* Release */ = {
			isa = XCBuildConfiguration;
			buildSettings = {
				CODE_SIGN_STYLE = Automatic;
				CURRENT_PROJECT_VERSION = 1;
				DEVELOPMENT_TEAM = UN6KB94738;
				GENERATE_INFOPLIST_FILE = YES;
				MARKETING_VERSION = 1.0;
				PRODUCT_BUNDLE_IDENTIFIER = com.onurkayhan.AssignmentUmainUITests;
				PRODUCT_NAME = "$(TARGET_NAME)";
				SWIFT_EMIT_LOC_STRINGS = NO;
				SWIFT_VERSION = 5.0;
				TARGETED_DEVICE_FAMILY = "1,2";
				TEST_TARGET_NAME = AssignmentUmain;
			};
			name = Release;
		};
/* End XCBuildConfiguration section */

/* Begin XCConfigurationList section */
		4877A5162CB71B7200EE8329 /* Build configuration list for PBXProject "AssignmentUmain" */ = {
			isa = XCConfigurationList;
			buildConfigurations = (
				4877A53D2CB71B7300EE8329 /* Debug */,
				4877A53E2CB71B7300EE8329 /* Release */,
			);
			defaultConfigurationIsVisible = 0;
			defaultConfigurationName = Release;
		};
		4877A53F2CB71B7300EE8329 /* Build configuration list for PBXNativeTarget "AssignmentUmain" */ = {
			isa = XCConfigurationList;
			buildConfigurations = (
				4877A5402CB71B7300EE8329 /* Debug */,
				4877A5412CB71B7300EE8329 /* Release */,
			);
			defaultConfigurationIsVisible = 0;
			defaultConfigurationName = Release;
		};
		4877A5422CB71B7300EE8329 /* Build configuration list for PBXNativeTarget "AssignmentUmainTests" */ = {
			isa = XCConfigurationList;
			buildConfigurations = (
				4877A5432CB71B7300EE8329 /* Debug */,
				4877A5442CB71B7300EE8329 /* Release */,
			);
			defaultConfigurationIsVisible = 0;
			defaultConfigurationName = Release;
		};
		4877A5452CB71B7300EE8329 /* Build configuration list for PBXNativeTarget "AssignmentUmainUITests" */ = {
			isa = XCConfigurationList;
			buildConfigurations = (
				4877A5462CB71B7300EE8329 /* Debug */,
				4877A5472CB71B7300EE8329 /* Release */,
			);
			defaultConfigurationIsVisible = 0;
			defaultConfigurationName = Release;
		};
/* End XCConfigurationList section */
	};
	rootObject = 4877A5132CB71B7200EE8329 /* Project object */;
}
